
Microsoft Visual Studio Solution File, Format Version 12.00
# Visual Studio Version 16
VisualStudioVersion = 16.0.29509.3
MinimumVisualStudioVersion = 10.0.40219.1
Project("{FAE04EC0-301F-11D3-BF4B-00C04F79EFBC}") = "reakcni_rychlosti", "reakcni_rychlosti\reakcni_rychlosti.csproj", "{316AF69B-4763-4FC5-81D5-F981259D5970}"
EndProject
Global
	GlobalSection(SolutionConfigurationPlatforms) = preSolution
		Debug|Any CPU = Debug|Any CPU
		Release|Any CPU = Release|Any CPU
	EndGlobalSection
	GlobalSection(ProjectConfigurationPlatforms) = postSolution
		{316AF69B-4763-4FC5-81D5-F981259D5970}.Debug|Any CPU.ActiveCfg = Debug|Any CPU
		{316AF69B-4763-4FC5-81D5-F981259D5970}.Debug|Any CPU.Build.0 = Debug|Any CPU
		{316AF69B-4763-4FC5-81D5-F981259D5970}.Release|Any CPU.ActiveCfg = Release|Any CPU
		{316AF69B-4763-4FC5-81D5-F981259D5970}.Release|Any CPU.Build.0 = Release|Any CPU
	EndGlobalSection
	GlobalSection(SolutionProperties) = preSolution
		HideSolutionNode = FALSE
	EndGlobalSection
	GlobalSection(ExtensibilityGlobals) = postSolution
		SolutionGuid = {5A58EB2D-A799-4063-A94D-491ECD27A84A}
	EndGlobalSection
EndGlobal
